// !$*UTF8*$!
{
	archiveVersion = 1;
	classes = {
	};
	objectVersion = 55;
	objects = {

/* Begin PBXBuildFile section */
		CE5729AE27BED1A2007B5E67 /* ReviewTableViewCell.swift in Sources */ = {isa = PBXBuildFile; fileRef = CE5729AC27BED1A2007B5E67 /* ReviewTableViewCell.swift */; };
		CE5729AF27BED1A2007B5E67 /* ReviewTableViewCell.xib in Resources */ = {isa = PBXBuildFile; fileRef = CE5729AD27BED1A2007B5E67 /* ReviewTableViewCell.xib */; };
		CE5729B127BED21D007B5E67 /* ReviewTableViewController.swift in Sources */ = {isa = PBXBuildFile; fileRef = CE5729B027BED21D007B5E67 /* ReviewTableViewController.swift */; };
		CE5729B527BEE9EB007B5E67 /* MealDetailViewController.swift in Sources */ = {isa = PBXBuildFile; fileRef = CE5729B427BEE9EB007B5E67 /* MealDetailViewController.swift */; };
		CE5729B927BEF83C007B5E67 /* Constants.swift in Sources */ = {isa = PBXBuildFile; fileRef = CE5729B827BEF83C007B5E67 /* Constants.swift */; };
		CEAE3B2427BDA5B60002E7A1 /* DataManager.swift in Sources */ = {isa = PBXBuildFile; fileRef = CEAE3B2327BDA5B60002E7A1 /* DataManager.swift */; };
		CEAE3B2627BDA62D0002E7A1 /* Meal.swift in Sources */ = {isa = PBXBuildFile; fileRef = CEAE3B2527BDA62C0002E7A1 /* Meal.swift */; };
		CEAE3B2C27BDAB630002E7A1 /* Feedback.swift in Sources */ = {isa = PBXBuildFile; fileRef = CEAE3B2B27BDAB630002E7A1 /* Feedback.swift */; };
		CEC7FA4827BF1CE200438184 /* Extensions.swift in Sources */ = {isa = PBXBuildFile; fileRef = CEC7FA4727BF1CE200438184 /* Extensions.swift */; };
		CEC7FA4B27C031AC00438184 /* ListMealsTableViewController.swift in Sources */ = {isa = PBXBuildFile; fileRef = CEC7FA4A27C031AC00438184 /* ListMealsTableViewController.swift */; };
		CEC7FA4E27C031C500438184 /* ListMealsTableViewCell.swift in Sources */ = {isa = PBXBuildFile; fileRef = CEC7FA4C27C031C500438184 /* ListMealsTableViewCell.swift */; };
		CEC7FA4F27C031C500438184 /* ListMealsTableViewCell.xib in Resources */ = {isa = PBXBuildFile; fileRef = CEC7FA4D27C031C500438184 /* ListMealsTableViewCell.xib */; };
		CEC7FA5127C033D500438184 /* LeavingReviewViewController.swift in Sources */ = {isa = PBXBuildFile; fileRef = CEC7FA5027C033D500438184 /* LeavingReviewViewController.swift */; };
		CED3AE3727BC4B0900E3DF94 /* AppDelegate.swift in Sources */ = {isa = PBXBuildFile; fileRef = CED3AE3627BC4B0900E3DF94 /* AppDelegate.swift */; };
		CED3AE3927BC4B0900E3DF94 /* SceneDelegate.swift in Sources */ = {isa = PBXBuildFile; fileRef = CED3AE3827BC4B0900E3DF94 /* SceneDelegate.swift */; };
		CED3AE3E27BC4B0900E3DF94 /* Main.storyboard in Resources */ = {isa = PBXBuildFile; fileRef = CED3AE3C27BC4B0900E3DF94 /* Main.storyboard */; };
		CED3AE4027BC4B0F00E3DF94 /* Assets.xcassets in Resources */ = {isa = PBXBuildFile; fileRef = CED3AE3F27BC4B0F00E3DF94 /* Assets.xcassets */; };
		CED3AE4327BC4B0F00E3DF94 /* LaunchScreen.storyboard in Resources */ = {isa = PBXBuildFile; fileRef = CED3AE4127BC4B0F00E3DF94 /* LaunchScreen.storyboard */; };
/* End PBXBuildFile section */

/* Begin PBXFileReference section */
		CE5729AC27BED1A2007B5E67 /* ReviewTableViewCell.swift */ = {isa = PBXFileReference; lastKnownFileType = sourcecode.swift; path = ReviewTableViewCell.swift; sourceTree = "<group>"; };
		CE5729AD27BED1A2007B5E67 /* ReviewTableViewCell.xib */ = {isa = PBXFileReference; lastKnownFileType = file.xib; path = ReviewTableViewCell.xib; sourceTree = "<group>"; };
		CE5729B027BED21D007B5E67 /* ReviewTableViewController.swift */ = {isa = PBXFileReference; lastKnownFileType = sourcecode.swift; path = ReviewTableViewController.swift; sourceTree = "<group>"; };
		CE5729B427BEE9EB007B5E67 /* MealDetailViewController.swift */ = {isa = PBXFileReference; lastKnownFileType = sourcecode.swift; path = MealDetailViewController.swift; sourceTree = "<group>"; };
		CE5729B827BEF83C007B5E67 /* Constants.swift */ = {isa = PBXFileReference; lastKnownFileType = sourcecode.swift; path = Constants.swift; sourceTree = "<group>"; };
		CEAE3B2327BDA5B60002E7A1 /* DataManager.swift */ = {isa = PBXFileReference; lastKnownFileType = sourcecode.swift; path = DataManager.swift; sourceTree = "<group>"; };
		CEAE3B2527BDA62C0002E7A1 /* Meal.swift */ = {isa = PBXFileReference; lastKnownFileType = sourcecode.swift; path = Meal.swift; sourceTree = "<group>"; };
		CEAE3B2B27BDAB630002E7A1 /* Feedback.swift */ = {isa = PBXFileReference; lastKnownFileType = sourcecode.swift; path = Feedback.swift; sourceTree = "<group>"; };
		CEC7FA4727BF1CE200438184 /* Extensions.swift */ = {isa = PBXFileReference; lastKnownFileType = sourcecode.swift; path = Extensions.swift; sourceTree = "<group>"; };
		CEC7FA4A27C031AC00438184 /* ListMealsTableViewController.swift */ = {isa = PBXFileReference; lastKnownFileType = sourcecode.swift; path = ListMealsTableViewController.swift; sourceTree = "<group>"; };
		CEC7FA4C27C031C500438184 /* ListMealsTableViewCell.swift */ = {isa = PBXFileReference; lastKnownFileType = sourcecode.swift; path = ListMealsTableViewCell.swift; sourceTree = "<group>"; };
		CEC7FA4D27C031C500438184 /* ListMealsTableViewCell.xib */ = {isa = PBXFileReference; lastKnownFileType = file.xib; path = ListMealsTableViewCell.xib; sourceTree = "<group>"; };
		CEC7FA5027C033D500438184 /* LeavingReviewViewController.swift */ = {isa = PBXFileReference; lastKnownFileType = sourcecode.swift; path = LeavingReviewViewController.swift; sourceTree = "<group>"; };
		CED3AE3327BC4B0800E3DF94 /* BurgerKingApp.app */ = {isa = PBXFileReference; explicitFileType = wrapper.application; includeInIndex = 0; path = BurgerKingApp.app; sourceTree = BUILT_PRODUCTS_DIR; };
		CED3AE3627BC4B0900E3DF94 /* AppDelegate.swift */ = {isa = PBXFileReference; lastKnownFileType = sourcecode.swift; path = AppDelegate.swift; sourceTree = "<group>"; };
		CED3AE3827BC4B0900E3DF94 /* SceneDelegate.swift */ = {isa = PBXFileReference; lastKnownFileType = sourcecode.swift; path = SceneDelegate.swift; sourceTree = "<group>"; };
		CED3AE3D27BC4B0900E3DF94 /* Base */ = {isa = PBXFileReference; lastKnownFileType = file.storyboard; name = Base; path = Base.lproj/Main.storyboard; sourceTree = "<group>"; };
		CED3AE3F27BC4B0F00E3DF94 /* Assets.xcassets */ = {isa = PBXFileReference; lastKnownFileType = folder.assetcatalog; path = Assets.xcassets; sourceTree = "<group>"; };
		CED3AE4227BC4B0F00E3DF94 /* Base */ = {isa = PBXFileReference; lastKnownFileType = file.storyboard; name = Base; path = Base.lproj/LaunchScreen.storyboard; sourceTree = "<group>"; };
		CED3AE4427BC4B0F00E3DF94 /* Info.plist */ = {isa = PBXFileReference; lastKnownFileType = text.plist.xml; path = Info.plist; sourceTree = "<group>"; };
/* End PBXFileReference section */

/* Begin PBXFrameworksBuildPhase section */
		CED3AE3027BC4B0800E3DF94 /* Frameworks */ = {
			isa = PBXFrameworksBuildPhase;
			buildActionMask = 2147483647;
			files = (
			);
			runOnlyForDeploymentPostprocessing = 0;
		};
/* End PBXFrameworksBuildPhase section */

/* Begin PBXGroup section */
		CE57299D27BEB869007B5E67 /* Detail */ = {
			isa = PBXGroup;
			children = (
				CE5729B427BEE9EB007B5E67 /* MealDetailViewController.swift */,
			);
			path = Detail;
			sourceTree = "<group>";
		};
		CE5729AB27BED13C007B5E67 /* Reviews */ = {
			isa = PBXGroup;
			children = (
				CE5729B027BED21D007B5E67 /* ReviewTableViewController.swift */,
				CE5729AC27BED1A2007B5E67 /* ReviewTableViewCell.swift */,
				CEC7FA5027C033D500438184 /* LeavingReviewViewController.swift */,
			);
			path = Reviews;
			sourceTree = "<group>";
		};
		CEC7FA4627BF1CC700438184 /* Extensions */ = {
			isa = PBXGroup;
			children = (
				CEC7FA4727BF1CE200438184 /* Extensions.swift */,
			);
			path = Extensions;
			sourceTree = "<group>";
		};
		CEC7FA4927C0316200438184 /* List */ = {
			isa = PBXGroup;
			children = (
				CEC7FA4A27C031AC00438184 /* ListMealsTableViewController.swift */,
				CEC7FA4C27C031C500438184 /* ListMealsTableViewCell.swift */,
			);
			path = List;
			sourceTree = "<group>";
		};
		CED3AE2A27BC4B0800E3DF94 = {
			isa = PBXGroup;
			children = (
				CED3AE3527BC4B0800E3DF94 /* BurgerKingApp */,
				CED3AE3427BC4B0800E3DF94 /* Products */,
			);
			sourceTree = "<group>";
		};
		CED3AE3427BC4B0800E3DF94 /* Products */ = {
			isa = PBXGroup;
			children = (
				CED3AE3327BC4B0800E3DF94 /* BurgerKingApp.app */,
			);
			name = Products;
			sourceTree = "<group>";
		};
		CED3AE3527BC4B0800E3DF94 /* BurgerKingApp */ = {
			isa = PBXGroup;
			children = (
				CEC7FA4627BF1CC700438184 /* Extensions */,
				CED3AE4F27BDA24D00E3DF94 /* Managers */,
				CED3AE4D27BC4BCC00E3DF94 /* Models */,
				CED3AE4A27BC4B7000E3DF94 /* App */,
				CED3AE4B27BC4B8100E3DF94 /* ViewControllers */,
				CED3AE4C27BC4BAD00E3DF94 /* Views */,
				CED3AE4E27BDA22D00E3DF94 /* Resources */,
				CED3AE4427BC4B0F00E3DF94 /* Info.plist */,
			);
			path = BurgerKingApp;
			sourceTree = "<group>";
		};
		CED3AE4A27BC4B7000E3DF94 /* App */ = {
			isa = PBXGroup;
			children = (
				CED3AE3627BC4B0900E3DF94 /* AppDelegate.swift */,
				CED3AE3827BC4B0900E3DF94 /* SceneDelegate.swift */,
			);
			path = App;
			sourceTree = "<group>";
		};
		CED3AE4B27BC4B8100E3DF94 /* ViewControllers */ = {
			isa = PBXGroup;
			children = (
				CEC7FA4927C0316200438184 /* List */,
				CE5729AB27BED13C007B5E67 /* Reviews */,
				CE57299D27BEB869007B5E67 /* Detail */,
			);
			path = ViewControllers;
			sourceTree = "<group>";
		};
		CED3AE4C27BC4BAD00E3DF94 /* Views */ = {
			isa = PBXGroup;
			children = (
				CEC7FA4D27C031C500438184 /* ListMealsTableViewCell.xib */,
				CE5729AD27BED1A2007B5E67 /* ReviewTableViewCell.xib */,
				CED3AE3C27BC4B0900E3DF94 /* Main.storyboard */,
				CED3AE4127BC4B0F00E3DF94 /* LaunchScreen.storyboard */,
			);
			path = Views;
			sourceTree = "<group>";
		};
		CED3AE4D27BC4BCC00E3DF94 /* Models */ = {
			isa = PBXGroup;
			children = (
				CEAE3B2527BDA62C0002E7A1 /* Meal.swift */,
				CEAE3B2B27BDAB630002E7A1 /* Feedback.swift */,
			);
			path = Models;
			sourceTree = "<group>";
		};
		CED3AE4E27BDA22D00E3DF94 /* Resources */ = {
			isa = PBXGroup;
			children = (
				CED3AE3F27BC4B0F00E3DF94 /* Assets.xcassets */,
				CE5729B827BEF83C007B5E67 /* Constants.swift */,
			);
			path = Resources;
			sourceTree = "<group>";
		};
		CED3AE4F27BDA24D00E3DF94 /* Managers */ = {
			isa = PBXGroup;
			children = (
				CEAE3B2327BDA5B60002E7A1 /* DataManager.swift */,
			);
			path = Managers;
			sourceTree = "<group>";
		};
/* End PBXGroup section */

/* Begin PBXNativeTarget section */
		CED3AE3227BC4B0800E3DF94 /* BurgerKingApp */ = {
			isa = PBXNativeTarget;
			buildConfigurationList = CED3AE4727BC4B0F00E3DF94 /* Build configuration list for PBXNativeTarget "BurgerKingApp" */;
			buildPhases = (
				CED3AE2F27BC4B0800E3DF94 /* Sources */,
				CED3AE3027BC4B0800E3DF94 /* Frameworks */,
				CED3AE3127BC4B0800E3DF94 /* Resources */,
			);
			buildRules = (
			);
			dependencies = (
			);
			name = BurgerKingApp;
			productName = BurgerKingApp;
			productReference = CED3AE3327BC4B0800E3DF94 /* BurgerKingApp.app */;
			productType = "com.apple.product-type.application";
		};
/* End PBXNativeTarget section */

/* Begin PBXProject section */
		CED3AE2B27BC4B0800E3DF94 /* Project object */ = {
			isa = PBXProject;
			attributes = {
				BuildIndependentTargetsInParallel = 1;
				LastSwiftUpdateCheck = 1320;
				LastUpgradeCheck = 1320;
				TargetAttributes = {
					CED3AE3227BC4B0800E3DF94 = {
						CreatedOnToolsVersion = 13.2.1;
					};
				};
			};
			buildConfigurationList = CED3AE2E27BC4B0800E3DF94 /* Build configuration list for PBXProject "BurgerKingApp" */;
			compatibilityVersion = "Xcode 13.0";
			developmentRegion = en;
			hasScannedForEncodings = 0;
			knownRegions = (
				en,
				Base,
			);
			mainGroup = CED3AE2A27BC4B0800E3DF94;
			productRefGroup = CED3AE3427BC4B0800E3DF94 /* Products */;
			projectDirPath = "";
			projectRoot = "";
			targets = (
				CED3AE3227BC4B0800E3DF94 /* BurgerKingApp */,
			);
		};
/* End PBXProject section */

/* Begin PBXResourcesBuildPhase section */
		CED3AE3127BC4B0800E3DF94 /* Resources */ = {
			isa = PBXResourcesBuildPhase;
			buildActionMask = 2147483647;
			files = (
				CED3AE4327BC4B0F00E3DF94 /* LaunchScreen.storyboard in Resources */,
				CEC7FA4F27C031C500438184 /* ListMealsTableViewCell.xib in Resources */,
				CED3AE4027BC4B0F00E3DF94 /* Assets.xcassets in Resources */,
				CE5729AF27BED1A2007B5E67 /* ReviewTableViewCell.xib in Resources */,
				CED3AE3E27BC4B0900E3DF94 /* Main.storyboard in Resources */,
			);
			runOnlyForDeploymentPostprocessing = 0;
		};
/* End PBXResourcesBuildPhase section */

/* Begin PBXSourcesBuildPhase section */
		CED3AE2F27BC4B0800E3DF94 /* Sources */ = {
			isa = PBXSourcesBuildPhase;
			buildActionMask = 2147483647;
			files = (
				CEAE3B2627BDA62D0002E7A1 /* Meal.swift in Sources */,
				CE5729B127BED21D007B5E67 /* ReviewTableViewController.swift in Sources */,
				CE5729B527BEE9EB007B5E67 /* MealDetailViewController.swift in Sources */,
				CEC7FA4B27C031AC00438184 /* ListMealsTableViewController.swift in Sources */,
				CE5729AE27BED1A2007B5E67 /* ReviewTableViewCell.swift in Sources */,
				CEC7FA4E27C031C500438184 /* ListMealsTableViewCell.swift in Sources */,
				CEAE3B2C27BDAB630002E7A1 /* Feedback.swift in Sources */,
				CEC7FA5127C033D500438184 /* LeavingReviewViewController.swift in Sources */,
				CEC7FA4827BF1CE200438184 /* Extensions.swift in Sources */,
				CE5729B927BEF83C007B5E67 /* Constants.swift in Sources */,
				CEAE3B2427BDA5B60002E7A1 /* DataManager.swift in Sources */,
				CED3AE3727BC4B0900E3DF94 /* AppDelegate.swift in Sources */,
				CED3AE3927BC4B0900E3DF94 /* SceneDelegate.swift in Sources */,
			);
			runOnlyForDeploymentPostprocessing = 0;
		};
/* End PBXSourcesBuildPhase section */

/* Begin PBXVariantGroup section */
		CED3AE3C27BC4B0900E3DF94 /* Main.storyboard */ = {
			isa = PBXVariantGroup;
			children = (
				CED3AE3D27BC4B0900E3DF94 /* Base */,
			);
			name = Main.storyboard;
			sourceTree = "<group>";
		};
		CED3AE4127BC4B0F00E3DF94 /* LaunchScreen.storyboard */ = {
			isa = PBXVariantGroup;
			children = (
				CED3AE4227BC4B0F00E3DF94 /* Base */,
			);
			name = LaunchScreen.storyboard;
			sourceTree = "<group>";
		};
/* End PBXVariantGroup section */

/* Begin XCBuildConfiguration section */
		CED3AE4527BC4B0F00E3DF94 /* Debug */ = {
			isa = XCBuildConfiguration;
			buildSettings = {
				ALWAYS_SEARCH_USER_PATHS = NO;
				CLANG_ANALYZER_NONNULL = YES;
				CLANG_ANALYZER_NUMBER_OBJECT_CONVERSION = YES_AGGRESSIVE;
				CLANG_CXX_LANGUAGE_STANDARD = "gnu++17";
				CLANG_CXX_LIBRARY = "libc++";
				CLANG_ENABLE_MODULES = YES;
				CLANG_ENABLE_OBJC_ARC = YES;
				CLANG_ENABLE_OBJC_WEAK = YES;
				CLANG_WARN_BLOCK_CAPTURE_AUTORELEASING = YES;
				CLANG_WARN_BOOL_CONVERSION = YES;
				CLANG_WARN_COMMA = YES;
				CLANG_WARN_CONSTANT_CONVERSION = YES;
				CLANG_WARN_DEPRECATED_OBJC_IMPLEMENTATIONS = YES;
				CLANG_WARN_DIRECT_OBJC_ISA_USAGE = YES_ERROR;
				CLANG_WARN_DOCUMENTATION_COMMENTS = YES;
				CLANG_WARN_EMPTY_BODY = YES;
				CLANG_WARN_ENUM_CONVERSION = YES;
				CLANG_WARN_INFINITE_RECURSION = YES;
				CLANG_WARN_INT_CONVERSION = YES;
				CLANG_WARN_NON_LITERAL_NULL_CONVERSION = YES;
				CLANG_WARN_OBJC_IMPLICIT_RETAIN_SELF = YES;
				CLANG_WARN_OBJC_LITERAL_CONVERSION = YES;
				CLANG_WARN_OBJC_ROOT_CLASS = YES_ERROR;
				CLANG_WARN_QUOTED_INCLUDE_IN_FRAMEWORK_HEADER = YES;
				CLANG_WARN_RANGE_LOOP_ANALYSIS = YES;
				CLANG_WARN_STRICT_PROTOTYPES = YES;
				CLANG_WARN_SUSPICIOUS_MOVE = YES;
				CLANG_WARN_UNGUARDED_AVAILABILITY = YES_AGGRESSIVE;
				CLANG_WARN_UNREACHABLE_CODE = YES;
				CLANG_WARN__DUPLICATE_METHOD_MATCH = YES;
				COPY_PHASE_STRIP = NO;
				DEBUG_INFORMATION_FORMAT = dwarf;
				ENABLE_STRICT_OBJC_MSGSEND = YES;
				ENABLE_TESTABILITY = YES;
				GCC_C_LANGUAGE_STANDARD = gnu11;
				GCC_DYNAMIC_NO_PIC = NO;
				GCC_NO_COMMON_BLOCKS = YES;
				GCC_OPTIMIZATION_LEVEL = 0;
				GCC_PREPROCESSOR_DEFINITIONS = (
					"DEBUG=1",
					"$(inherited)",
				);
				GCC_WARN_64_TO_32_BIT_CONVERSION = YES;
				GCC_WARN_ABOUT_RETURN_TYPE = YES_ERROR;
				GCC_WARN_UNDECLARED_SELECTOR = YES;
				GCC_WARN_UNINITIALIZED_AUTOS = YES_AGGRESSIVE;
				GCC_WARN_UNUSED_FUNCTION = YES;
				GCC_WARN_UNUSED_VARIABLE = YES;
				IPHONEOS_DEPLOYMENT_TARGET = 15.2;
				MTL_ENABLE_DEBUG_INFO = INCLUDE_SOURCE;
				MTL_FAST_MATH = YES;
				ONLY_ACTIVE_ARCH = YES;
				SDKROOT = iphoneos;
				SWIFT_ACTIVE_COMPILATION_CONDITIONS = DEBUG;
				SWIFT_OPTIMIZATION_LEVEL = "-Onone";
			};
			name = Debug;
		};
		CED3AE4627BC4B0F00E3DF94 /* Release */ = {
			isa = XCBuildConfiguration;
			buildSettings = {
				ALWAYS_SEARCH_USER_PATHS = NO;
				CLANG_ANALYZER_NONNULL = YES;
				CLANG_ANALYZER_NUMBER_OBJECT_CONVERSION = YES_AGGRESSIVE;
				CLANG_CXX_LANGUAGE_STANDARD = "gnu++17";
				CLANG_CXX_LIBRARY = "libc++";
				CLANG_ENABLE_MODULES = YES;
				CLANG_ENABLE_OBJC_ARC = YES;
				CLANG_ENABLE_OBJC_WEAK = YES;
				CLANG_WARN_BLOCK_CAPTURE_AUTORELEASING = YES;
				CLANG_WARN_BOOL_CONVERSION = YES;
				CLANG_WARN_COMMA = YES;
				CLANG_WARN_CONSTANT_CONVERSION = YES;
				CLANG_WARN_DEPRECATED_OBJC_IMPLEMENTATIONS = YES;
				CLANG_WARN_DIRECT_OBJC_ISA_USAGE = YES_ERROR;
				CLANG_WARN_DOCUMENTATION_COMMENTS = YES;
				CLANG_WARN_EMPTY_BODY = YES;
				CLANG_WARN_ENUM_CONVERSION = YES;
				CLANG_WARN_INFINITE_RECURSION = YES;
				CLANG_WARN_INT_CONVERSION = YES;
				CLANG_WARN_NON_LITERAL_NULL_CONVERSION = YES;
				CLANG_WARN_OBJC_IMPLICIT_RETAIN_SELF = YES;
				CLANG_WARN_OBJC_LITERAL_CONVERSION = YES;
				CLANG_WARN_OBJC_ROOT_CLASS = YES_ERROR;
				CLANG_WARN_QUOTED_INCLUDE_IN_FRAMEWORK_HEADER = YES;
				CLANG_WARN_RANGE_LOOP_ANALYSIS = YES;
				CLANG_WARN_STRICT_PROTOTYPES = YES;
				CLANG_WARN_SUSPICIOUS_MOVE = YES;
				CLANG_WARN_UNGUARDED_AVAILABILITY = YES_AGGRESSIVE;
				CLANG_WARN_UNREACHABLE_CODE = YES;
				CLANG_WARN__DUPLICATE_METHOD_MATCH = YES;
				COPY_PHASE_STRIP = NO;
				DEBUG_INFORMATION_FORMAT = "dwarf-with-dsym";
				ENABLE_NS_ASSERTIONS = NO;
				ENABLE_STRICT_OBJC_MSGSEND = YES;
				GCC_C_LANGUAGE_STANDARD = gnu11;
				GCC_NO_COMMON_BLOCKS = YES;
				GCC_WARN_64_TO_32_BIT_CONVERSION = YES;
				GCC_WARN_ABOUT_RETURN_TYPE = YES_ERROR;
				GCC_WARN_UNDECLARED_SELECTOR = YES;
				GCC_WARN_UNINITIALIZED_AUTOS = YES_AGGRESSIVE;
				GCC_WARN_UNUSED_FUNCTION = YES;
				GCC_WARN_UNUSED_VARIABLE = YES;
				IPHONEOS_DEPLOYMENT_TARGET = 15.2;
				MTL_ENABLE_DEBUG_INFO = NO;
				MTL_FAST_MATH = YES;
				SDKROOT = iphoneos;
				SWIFT_COMPILATION_MODE = wholemodule;
				SWIFT_OPTIMIZATION_LEVEL = "-O";
				VALIDATE_PRODUCT = YES;
			};
			name = Release;
		};
		CED3AE4827BC4B0F00E3DF94 /* Debug */ = {
			isa = XCBuildConfiguration;
			buildSettings = {
				ASSETCATALOG_COMPILER_APPICON_NAME = AppIcon;
				ASSETCATALOG_COMPILER_GLOBAL_ACCENT_COLOR_NAME = AccentColor;
				CODE_SIGN_STYLE = Automatic;
				CURRENT_PROJECT_VERSION = 1;
				DEVELOPMENT_TEAM = X56F5SD594;
				GENERATE_INFOPLIST_FILE = YES;
				INFOPLIST_FILE = BurgerKingApp/Info.plist;
				INFOPLIST_KEY_UIApplicationSupportsIndirectInputEvents = YES;
				INFOPLIST_KEY_UILaunchStoryboardName = LaunchScreen;
				INFOPLIST_KEY_UIMainStoryboardFile = Main;
				INFOPLIST_KEY_UISupportedInterfaceOrientations_iPad = "UIInterfaceOrientationPortrait UIInterfaceOrientationPortraitUpsideDown UIInterfaceOrientationLandscapeLeft UIInterfaceOrientationLandscapeRight";
				INFOPLIST_KEY_UISupportedInterfaceOrientations_iPhone = "UIInterfaceOrientationPortrait UIInterfaceOrientationLandscapeLeft UIInterfaceOrientationLandscapeRight";
				LD_RUNPATH_SEARCH_PATHS = (
					"$(inherited)",
					"@executable_path/Frameworks",
				);
				MARKETING_VERSION = 1.0;
				PRODUCT_BUNDLE_IDENTIFIER = by.tms.BurgerKingApp;
				PRODUCT_NAME = "$(TARGET_NAME)";
				SWIFT_EMIT_LOC_STRINGS = YES;
				SWIFT_VERSION = 5.0;
				TARGETED_DEVICE_FAMILY = "1,2";
			};
			name = Debug;
		};
		CED3AE4927BC4B0F00E3DF94 /* Release */ = {
			isa = XCBuildConfiguration;
			buildSettings = {
				ASSETCATALOG_COMPILER_APPICON_NAME = AppIcon;
				ASSETCATALOG_COMPILER_GLOBAL_ACCENT_COLOR_NAME = AccentColor;
				CODE_SIGN_STYLE = Automatic;
				CURRENT_PROJECT_VERSION = 1;
				DEVELOPMENT_TEAM = X56F5SD594;
				GENERATE_INFOPLIST_FILE = YES;
				INFOPLIST_FILE = BurgerKingApp/Info.plist;
				INFOPLIST_KEY_UIApplicationSupportsIndirectInputEvents = YES;
				INFOPLIST_KEY_UILaunchStoryboardName = LaunchScreen;
				INFOPLIST_KEY_UIMainStoryboardFile = Main;
				INFOPLIST_KEY_UISupportedInterfaceOrientations_iPad = "UIInterfaceOrientationPortrait UIInterfaceOrientationPortraitUpsideDown UIInterfaceOrientationLandscapeLeft UIInterfaceOrientationLandscapeRight";
				INFOPLIST_KEY_UISupportedInterfaceOrientations_iPhone = "UIInterfaceOrientationPortrait UIInterfaceOrientationLandscapeLeft UIInterfaceOrientationLandscapeRight";
				LD_RUNPATH_SEARCH_PATHS = (
					"$(inherited)",
					"@executable_path/Frameworks",
				);
				MARKETING_VERSION = 1.0;
				PRODUCT_BUNDLE_IDENTIFIER = by.tms.BurgerKingApp;
				PRODUCT_NAME = "$(TARGET_NAME)";
				SWIFT_EMIT_LOC_STRINGS = YES;
				SWIFT_VERSION = 5.0;
				TARGETED_DEVICE_FAMILY = "1,2";
			};
			name = Release;
		};
/* End XCBuildConfiguration section */

/* Begin XCConfigurationList section */
		CED3AE2E27BC4B0800E3DF94 /* Build configuration list for PBXProject "BurgerKingApp" */ = {
			isa = XCConfigurationList;
			buildConfigurations = (
				CED3AE4527BC4B0F00E3DF94 /* Debug */,
				CED3AE4627BC4B0F00E3DF94 /* Release */,
			);
			defaultConfigurationIsVisible = 0;
			defaultConfigurationName = Release;
		};
		CED3AE4727BC4B0F00E3DF94 /* Build configuration list for PBXNativeTarget "BurgerKingApp" */ = {
			isa = XCConfigurationList;
			buildConfigurations = (
				CED3AE4827BC4B0F00E3DF94 /* Debug */,
				CED3AE4927BC4B0F00E3DF94 /* Release */,
			);
			defaultConfigurationIsVisible = 0;
			defaultConfigurationName = Release;
		};
/* End XCConfigurationList section */
	};
	rootObject = CED3AE2B27BC4B0800E3DF94 /* Project object */;
}
